
Microsoft Visual Studio Solution File, Format Version 12.00
# Visual Studio Version 16
VisualStudioVersion = 16.0.30907.101
MinimumVisualStudioVersion = 10.0.40219.1
Project("{9A19103F-16F7-4668-BE54-9A1E7A4F7556}") = "TechnineUzduotis", "TechnineUzduotis\TechnineUzduotis.csproj", "{707DCB4B-E695-46C3-B3F0-1209D507F8D2}"
EndProject
Project("{FAE04EC0-301F-11D3-BF4B-00C04F79EFBC}") = "TechnineUzduotisTests", "TechnineUzduotisTests\TechnineUzduotisTests.csproj", "{CBA0DD5C-074D-41CE-A6A5-873A2DC724E5}"
EndProject
Global
	GlobalSection(SolutionConfigurationPlatforms) = preSolution
		Debug|Any CPU = Debug|Any CPU
		Release|Any CPU = Release|Any CPU
	EndGlobalSection
	GlobalSection(ProjectConfigurationPlatforms) = postSolution
		{707DCB4B-E695-46C3-B3F0-1209D507F8D2}.Debug|Any CPU.ActiveCfg = Debug|Any CPU
		{707DCB4B-E695-46C3-B3F0-1209D507F8D2}.Debug|Any CPU.Build.0 = Debug|Any CPU
		{707DCB4B-E695-46C3-B3F0-1209D507F8D2}.Release|Any CPU.ActiveCfg = Release|Any CPU
		{707DCB4B-E695-46C3-B3F0-1209D507F8D2}.Release|Any CPU.Build.0 = Release|Any CPU
		{CBA0DD5C-074D-41CE-A6A5-873A2DC724E5}.Debug|Any CPU.ActiveCfg = Debug|Any CPU
		{CBA0DD5C-074D-41CE-A6A5-873A2DC724E5}.Debug|Any CPU.Build.0 = Debug|Any CPU
		{CBA0DD5C-074D-41CE-A6A5-873A2DC724E5}.Release|Any CPU.ActiveCfg = Release|Any CPU
		{CBA0DD5C-074D-41CE-A6A5-873A2DC724E5}.Release|Any CPU.Build.0 = Release|Any CPU
	EndGlobalSection
	GlobalSection(SolutionProperties) = preSolution
		HideSolutionNode = FALSE
	EndGlobalSection
	GlobalSection(ExtensibilityGlobals) = postSolution
		SolutionGuid = {8C484C06-4AAB-461B-BA8D-8B74AD86FD70}
	EndGlobalSection
EndGlobal
